
Microsoft Visual Studio Solution File, Format Version 12.00
# Visual Studio 15
VisualStudioVersion = 15.0.26206.0
MinimumVisualStudioVersion = 10.0.40219.1
Project("{8BC9CEB8-8B4A-11D0-8D11-00A0C91BC942}") = "BlinkyCppHeadless", "BlinkyCppHeadless\BlinkyCppHeadless.vcxproj", "{FD2B8226-D7C6-43F8-BDA4-02B9B76DD810}"
EndProject
Project("{8BC9CEB8-8B4A-11D0-8D11-00A0C91BC942}") = "BlinkyArduinoWiring", "BlinkyArduinoWiring\BlinkyArduinoWiring.vcxproj", "{465575B8-8BB4-4D3D-999C-EE6AD9C721EC}"
EndProject
Project("{FAE04EC0-301F-11D3-BF4B-00C04F79EFBC}") = "BlinkyCsHeadless", "BlinkyCsHeadless\BlinkyCsHeadless.csproj", "{681B158B-D7CF-4003-8CD9-0BBB18F7A0EE}"
EndProject
Project("{9092AA53-FB77-4645-B42D-1CCCA6BD08BD}") = "BlinkyNodejs", "BlinkyNodejs\BlinkyNodejs.njsproj", "{591A00EF-D0FA-419A-A6F4-C14F23D2F52F}"
EndProject
Project("{262852C6-CD72-467D-83FE-5EEB1973A190}") = "BlinkyJsHeadless", "BlinkyJsHeadless\BlinkyJsHeadless.jsproj", "{8013F9B3-7720-4353-8FCE-B5DCC04DE190}"
EndProject
Global
	GlobalSection(SolutionConfigurationPlatforms) = preSolution
		Debug|Any CPU = Debug|Any CPU
		Debug|ARM = Debug|ARM
		Debug|x64 = Debug|x64
		Debug|x86 = Debug|x86
		Release|Any CPU = Release|Any CPU
		Release|ARM = Release|ARM
		Release|x64 = Release|x64
		Release|x86 = Release|x86
	EndGlobalSection
	GlobalSection(ProjectConfigurationPlatforms) = postSolution
		{FD2B8226-D7C6-43F8-BDA4-02B9B76DD810}.Debug|Any CPU.ActiveCfg = Debug|Win32
		{FD2B8226-D7C6-43F8-BDA4-02B9B76DD810}.Debug|ARM.ActiveCfg = Debug|ARM
		{FD2B8226-D7C6-43F8-BDA4-02B9B76DD810}.Debug|ARM.Build.0 = Debug|ARM
		{FD2B8226-D7C6-43F8-BDA4-02B9B76DD810}.Debug|ARM.Deploy.0 = Debug|ARM
		{FD2B8226-D7C6-43F8-BDA4-02B9B76DD810}.Debug|x64.ActiveCfg = Debug|x64
		{FD2B8226-D7C6-43F8-BDA4-02B9B76DD810}.Debug|x64.Build.0 = Debug|x64
		{FD2B8226-D7C6-43F8-BDA4-02B9B76DD810}.Debug|x64.Deploy.0 = Debug|x64
		{FD2B8226-D7C6-43F8-BDA4-02B9B76DD810}.Debug|x86.ActiveCfg = Debug|Win32
		{FD2B8226-D7C6-43F8-BDA4-02B9B76DD810}.Debug|x86.Build.0 = Debug|Win32
		{FD2B8226-D7C6-43F8-BDA4-02B9B76DD810}.Debug|x86.Deploy.0 = Debug|Win32
		{FD2B8226-D7C6-43F8-BDA4-02B9B76DD810}.Release|Any CPU.ActiveCfg = Release|Win32
		{FD2B8226-D7C6-43F8-BDA4-02B9B76DD810}.Release|ARM.ActiveCfg = Release|ARM
		{FD2B8226-D7C6-43F8-BDA4-02B9B76DD810}.Release|ARM.Build.0 = Release|ARM
		{FD2B8226-D7C6-43F8-BDA4-02B9B76DD810}.Release|ARM.Deploy.0 = Release|ARM
		{FD2B8226-D7C6-43F8-BDA4-02B9B76DD810}.Release|x64.ActiveCfg = Release|x64
		{FD2B8226-D7C6-43F8-BDA4-02B9B76DD810}.Release|x64.Build.0 = Release|x64
		{FD2B8226-D7C6-43F8-BDA4-02B9B76DD810}.Release|x64.Deploy.0 = Release|x64
		{FD2B8226-D7C6-43F8-BDA4-02B9B76DD810}.Release|x86.ActiveCfg = Release|Win32
		{FD2B8226-D7C6-43F8-BDA4-02B9B76DD810}.Release|x86.Build.0 = Release|Win32
		{FD2B8226-D7C6-43F8-BDA4-02B9B76DD810}.Release|x86.Deploy.0 = Release|Win32
		{465575B8-8BB4-4D3D-999C-EE6AD9C721EC}.Debug|Any CPU.ActiveCfg = Debug|Win32
		{465575B8-8BB4-4D3D-999C-EE6AD9C721EC}.Debug|ARM.ActiveCfg = Debug|ARM
		{465575B8-8BB4-4D3D-999C-EE6AD9C721EC}.Debug|ARM.Build.0 = Debug|ARM
		{465575B8-8BB4-4D3D-999C-EE6AD9C721EC}.Debug|ARM.Deploy.0 = Debug|ARM
		{465575B8-8BB4-4D3D-999C-EE6AD9C721EC}.Debug|x64.ActiveCfg = Debug|x64
		{465575B8-8BB4-4D3D-999C-EE6AD9C721EC}.Debug|x64.Build.0 = Debug|x64
		{465575B8-8BB4-4D3D-999C-EE6AD9C721EC}.Debug|x64.Deploy.0 = Debug|x64
		{465575B8-8BB4-4D3D-999C-EE6AD9C721EC}.Debug|x86.ActiveCfg = Debug|Win32
		{465575B8-8BB4-4D3D-999C-EE6AD9C721EC}.Debug|x86.Build.0 = Debug|Win32
		{465575B8-8BB4-4D3D-999C-EE6AD9C721EC}.Debug|x86.Deploy.0 = Debug|Win32
		{465575B8-8BB4-4D3D-999C-EE6AD9C721EC}.Release|Any CPU.ActiveCfg = Release|Win32
		{465575B8-8BB4-4D3D-999C-EE6AD9C721EC}.Release|ARM.ActiveCfg = Release|ARM
		{465575B8-8BB4-4D3D-999C-EE6AD9C721EC}.Release|ARM.Build.0 = Release|ARM
		{465575B8-8BB4-4D3D-999C-EE6AD9C721EC}.Release|ARM.Deploy.0 = Release|ARM
		{465575B8-8BB4-4D3D-999C-EE6AD9C721EC}.Release|x64.ActiveCfg = Release|x64
		{465575B8-8BB4-4D3D-999C-EE6AD9C721EC}.Release|x64.Build.0 = Release|x64
		{465575B8-8BB4-4D3D-999C-EE6AD9C721EC}.Release|x64.Deploy.0 = Release|x64
		{465575B8-8BB4-4D3D-999C-EE6AD9C721EC}.Release|x86.ActiveCfg = Release|Win32
		{465575B8-8BB4-4D3D-999C-EE6AD9C721EC}.Release|x86.Build.0 = Release|Win32
		{465575B8-8BB4-4D3D-999C-EE6AD9C721EC}.Release|x86.Deploy.0 = Release|Win32
		{681B158B-D7CF-4003-8CD9-0BBB18F7A0EE}.Debug|Any CPU.ActiveCfg = Debug|x86
		{681B158B-D7CF-4003-8CD9-0BBB18F7A0EE}.Debug|ARM.ActiveCfg = Debug|ARM
		{681B158B-D7CF-4003-8CD9-0BBB18F7A0EE}.Debug|ARM.Build.0 = Debug|ARM
		{681B158B-D7CF-4003-8CD9-0BBB18F7A0EE}.Debug|ARM.Deploy.0 = Debug|ARM
		{681B158B-D7CF-4003-8CD9-0BBB18F7A0EE}.Debug|x64.ActiveCfg = Debug|x64
		{681B158B-D7CF-4003-8CD9-0BBB18F7A0EE}.Debug|x64.Build.0 = Debug|x64
		{681B158B-D7CF-4003-8CD9-0BBB18F7A0EE}.Debug|x64.Deploy.0 = Debug|x64
		{681B158B-D7CF-4003-8CD9-0BBB18F7A0EE}.Debug|x86.ActiveCfg = Debug|x86
		{681B158B-D7CF-4003-8CD9-0BBB18F7A0EE}.Debug|x86.Build.0 = Debug|x86
		{681B158B-D7CF-4003-8CD9-0BBB18F7A0EE}.Debug|x86.Deploy.0 = Debug|x86
		{681B158B-D7CF-4003-8CD9-0BBB18F7A0EE}.Release|Any CPU.ActiveCfg = Release|x86
		{681B158B-D7CF-4003-8CD9-0BBB18F7A0EE}.Release|ARM.ActiveCfg = Release|ARM
		{681B158B-D7CF-4003-8CD9-0BBB18F7A0EE}.Release|ARM.Build.0 = Release|ARM
		{681B158B-D7CF-4003-8CD9-0BBB18F7A0EE}.Release|ARM.Deploy.0 = Release|ARM
		{681B158B-D7CF-4003-8CD9-0BBB18F7A0EE}.Release|x64.ActiveCfg = Release|x64
		{681B158B-D7CF-4003-8CD9-0BBB18F7A0EE}.Release|x64.Build.0 = Release|x64
		{681B158B-D7CF-4003-8CD9-0BBB18F7A0EE}.Release|x64.Deploy.0 = Release|x64
		{681B158B-D7CF-4003-8CD9-0BBB18F7A0EE}.Release|x86.ActiveCfg = Release|x86
		{681B158B-D7CF-4003-8CD9-0BBB18F7A0EE}.Release|x86.Build.0 = Release|x86
		{681B158B-D7CF-4003-8CD9-0BBB18F7A0EE}.Release|x86.Deploy.0 = Release|x86
		{591A00EF-D0FA-419A-A6F4-C14F23D2F52F}.Debug|Any CPU.ActiveCfg = Debug|Any CPU
		{591A00EF-D0FA-419A-A6F4-C14F23D2F52F}.Debug|Any CPU.Build.0 = Debug|Any CPU
		{591A00EF-D0FA-419A-A6F4-C14F23D2F52F}.Debug|ARM.ActiveCfg = Debug|Any CPU
		{591A00EF-D0FA-419A-A6F4-C14F23D2F52F}.Debug|ARM.Build.0 = Debug|Any CPU
		{591A00EF-D0FA-419A-A6F4-C14F23D2F52F}.Debug|x64.ActiveCfg = Debug|Any CPU
		{591A00EF-D0FA-419A-A6F4-C14F23D2F52F}.Debug|x64.Build.0 = Debug|Any CPU
		{591A00EF-D0FA-419A-A6F4-C14F23D2F52F}.Debug|x86.ActiveCfg = Debug|Any CPU
		{591A00EF-D0FA-419A-A6F4-C14F23D2F52F}.Debug|x86.Build.0 = Debug|Any CPU
		{591A00EF-D0FA-419A-A6F4-C14F23D2F52F}.Release|Any CPU.ActiveCfg = Release|Any CPU
		{591A00EF-D0FA-419A-A6F4-C14F23D2F52F}.Release|Any CPU.Build.0 = Release|Any CPU
		{591A00EF-D0FA-419A-A6F4-C14F23D2F52F}.Release|ARM.ActiveCfg = Release|Any CPU
		{591A00EF-D0FA-419A-A6F4-C14F23D2F52F}.Release|ARM.Build.0 = Release|Any CPU
		{591A00EF-D0FA-419A-A6F4-C14F23D2F52F}.Release|x64.ActiveCfg = Release|Any CPU
		{591A00EF-D0FA-419A-A6F4-C14F23D2F52F}.Release|x64.Build.0 = Release|Any CPU
		{591A00EF-D0FA-419A-A6F4-C14F23D2F52F}.Release|x86.ActiveCfg = Release|Any CPU
		{591A00EF-D0FA-419A-A6F4-C14F23D2F52F}.Release|x86.Build.0 = Release|Any CPU
		{8013F9B3-7720-4353-8FCE-B5DCC04DE190}.Debug|Any CPU.ActiveCfg = Debug|Any CPU
		{8013F9B3-7720-4353-8FCE-B5DCC04DE190}.Debug|Any CPU.Build.0 = Debug|Any CPU
		{8013F9B3-7720-4353-8FCE-B5DCC04DE190}.Debug|Any CPU.Deploy.0 = Debug|Any CPU
		{8013F9B3-7720-4353-8FCE-B5DCC04DE190}.Debug|ARM.ActiveCfg = Debug|ARM
		{8013F9B3-7720-4353-8FCE-B5DCC04DE190}.Debug|ARM.Build.0 = Debug|ARM
		{8013F9B3-7720-4353-8FCE-B5DCC04DE190}.Debug|ARM.Deploy.0 = Debug|ARM
		{8013F9B3-7720-4353-8FCE-B5DCC04DE190}.Debug|x64.ActiveCfg = Debug|x64
		{8013F9B3-7720-4353-8FCE-B5DCC04DE190}.Debug|x64.Build.0 = Debug|x64
		{8013F9B3-7720-4353-8FCE-B5DCC04DE190}.Debug|x64.Deploy.0 = Debug|x64
		{8013F9B3-7720-4353-8FCE-B5DCC04DE190}.Debug|x86.ActiveCfg = Debug|x86
		{8013F9B3-7720-4353-8FCE-B5DCC04DE190}.Debug|x86.Build.0 = Debug|x86
		{8013F9B3-7720-4353-8FCE-B5DCC04DE190}.Debug|x86.Deploy.0 = Debug|x86
		{8013F9B3-7720-4353-8FCE-B5DCC04DE190}.Release|Any CPU.ActiveCfg = Release|Any CPU
		{8013F9B3-7720-4353-8FCE-B5DCC04DE190}.Release|Any CPU.Build.0 = Release|Any CPU
		{8013F9B3-7720-4353-8FCE-B5DCC04DE190}.Release|Any CPU.Deploy.0 = Release|Any CPU
		{8013F9B3-7720-4353-8FCE-B5DCC04DE190}.Release|ARM.ActiveCfg = Release|ARM
		{8013F9B3-7720-4353-8FCE-B5DCC04DE190}.Release|ARM.Build.0 = Release|ARM
		{8013F9B3-7720-4353-8FCE-B5DCC04DE190}.Release|ARM.Deploy.0 = Release|ARM
		{8013F9B3-7720-4353-8FCE-B5DCC04DE190}.Release|x64.ActiveCfg = Release|x64
		{8013F9B3-7720-4353-8FCE-B5DCC04DE190}.Release|x64.Build.0 = Release|x64
		{8013F9B3-7720-4353-8FCE-B5DCC04DE190}.Release|x64.Deploy.0 = Release|x64
		{8013F9B3-7720-4353-8FCE-B5DCC04DE190}.Release|x86.ActiveCfg = Release|x86
		{8013F9B3-7720-4353-8FCE-B5DCC04DE190}.Release|x86.Build.0 = Release|x86
		{8013F9B3-7720-4353-8FCE-B5DCC04DE190}.Release|x86.Deploy.0 = Release|x86
	EndGlobalSection
	GlobalSection(SolutionProperties) = preSolution
		HideSolutionNode = FALSE
	EndGlobalSection
EndGlobal
